<Solution>
  <Project Path="DATOS/DATOS.csproj" Id="c07be4d1-bc62-4e84-a7da-9eb3033b4bd4" />
  <Project Path="ENTIDAD/ENTIDAD.csproj" Id="56799fc7-dbb9-4748-a38f-be6f03a6d812" />
  <Project Path="LOGICA/LOGICA.csproj" Id="abd48cdf-b791-4f55-bd72-d487e8c24497" />
  <Project Path="PRESENTACION/PRESENTACION.csproj" Id="8e24c72f-a247-43a3-8279-5ad104cfa91b" />
</Solution>
